// !$*UTF8*$!
{
	archiveVersion = 1;
	classes = {
	};
	objectVersion = 50;
	objects = {

/* Begin PBXBuildFile section */
		0781A6B72287524400F2B98A /* Transform.m in Sources */ = {isa = PBXBuildFile; fileRef = 0781A6B62287524400F2B98A /* Transform.m */; };
		0781A6BA2288805B00F2B98A /* BoxCollider.m in Sources */ = {isa = PBXBuildFile; fileRef = 0781A6B92288805B00F2B98A /* BoxCollider.m */; };
		0781A6BD228882CA00F2B98A /* Ray.m in Sources */ = {isa = PBXBuildFile; fileRef = 0781A6BC228882CA00F2B98A /* Ray.m */; };
		0781A6BF228AFF8600F2B98A /* CollisionTests.m in Sources */ = {isa = PBXBuildFile; fileRef = 0781A6BE228AFF8600F2B98A /* CollisionTests.m */; };
		0781A6C3228C3B5500F2B98A /* DebugDrawManager.m in Sources */ = {isa = PBXBuildFile; fileRef = 0781A6C2228C3B5500F2B98A /* DebugDrawManager.m */; };
		0781A6C6228C523300F2B98A /* metal_utils.m in Sources */ = {isa = PBXBuildFile; fileRef = 0781A6C5228C523300F2B98A /* metal_utils.m */; };
		0781A6CD2294E8E000F2B98A /* cena.gif in Resources */ = {isa = PBXBuildFile; fileRef = 0781A6C82294E8DF00F2B98A /* cena.gif */; };
		0781A6CE2294E8E000F2B98A /* otter.gif in Resources */ = {isa = PBXBuildFile; fileRef = 0781A6C92294E8E000F2B98A /* otter.gif */; };
		0781A6D02294E8E000F2B98A /* snoopy.gif in Resources */ = {isa = PBXBuildFile; fileRef = 0781A6CB2294E8E000F2B98A /* snoopy.gif */; };
		0781A6D22294EFA600F2B98A /* ok.gif in Resources */ = {isa = PBXBuildFile; fileRef = 0781A6D12294EFA600F2B98A /* ok.gif */; };
		07FDC9422278826500E620ED /* AppDelegate.m in Sources */ = {isa = PBXBuildFile; fileRef = 07FDC9412278826500E620ED /* AppDelegate.m */; };
		07FDC9442278826700E620ED /* Assets.xcassets in Resources */ = {isa = PBXBuildFile; fileRef = 07FDC9432278826700E620ED /* Assets.xcassets */; };
		07FDC9472278826800E620ED /* MainMenu.xib in Resources */ = {isa = PBXBuildFile; fileRef = 07FDC9452278826800E620ED /* MainMenu.xib */; };
		07FDC94A2278826800E620ED /* main.m in Sources */ = {isa = PBXBuildFile; fileRef = 07FDC9492278826800E620ED /* main.m */; };
		07FDC954227882C200E620ED /* MetalKit.framework in Frameworks */ = {isa = PBXBuildFile; fileRef = 07FDC952227882C200E620ED /* MetalKit.framework */; };
		07FDC955227882C200E620ED /* Metal.framework in Frameworks */ = {isa = PBXBuildFile; fileRef = 07FDC953227882C200E620ED /* Metal.framework */; };
		07FDC957227882C600E620ED /* CoreFoundation.framework in Frameworks */ = {isa = PBXBuildFile; fileRef = 07FDC956227882C600E620ED /* CoreFoundation.framework */; };
		07FDC95C2278841500E620ED /* MetalView.m in Sources */ = {isa = PBXBuildFile; fileRef = 07FDC95B2278841500E620ED /* MetalView.m */; };
		07FDC95F2278868A00E620ED /* gif_read.cpp in Sources */ = {isa = PBXBuildFile; fileRef = 07FDC95D2278868A00E620ED /* gif_read.cpp */; };
		07FDC9622278873200E620ED /* ViewController.m in Sources */ = {isa = PBXBuildFile; fileRef = 07FDC9612278873200E620ED /* ViewController.m */; };
		07FDC965227887D800E620ED /* Renderer.m in Sources */ = {isa = PBXBuildFile; fileRef = 07FDC964227887D800E620ED /* Renderer.m */; };
		07FDC96B227889A100E620ED /* GifGunGame.mm in Sources */ = {isa = PBXBuildFile; fileRef = 07FDC96A227889A100E620ED /* GifGunGame.mm */; };
		07FDC97122792FAB00E620ED /* LoadingThread.m in Sources */ = {isa = PBXBuildFile; fileRef = 07FDC97022792FAB00E620ED /* LoadingThread.m */; };
		07FDC9732279331B00E620ED /* shaders.metal in Sources */ = {isa = PBXBuildFile; fileRef = 07FDC9722279331B00E620ED /* shaders.metal */; };
		07FDC9762279D90E00E620ED /* cube.obj in Resources */ = {isa = PBXBuildFile; fileRef = 07FDC9742279D90E00E620ED /* cube.obj */; };
		07FDC9772279D90E00E620ED /* dragon.obj in Resources */ = {isa = PBXBuildFile; fileRef = 07FDC9752279D90E00E620ED /* dragon.obj */; };
		07FDC97A227E1F7D00E620ED /* AAPLMathUtilities.m in Sources */ = {isa = PBXBuildFile; fileRef = 07FDC979227E1F7D00E620ED /* AAPLMathUtilities.m */; };
/* End PBXBuildFile section */

/* Begin PBXFileReference section */
		0781A6B02285B20300F2B98A /* shader_structs.h */ = {isa = PBXFileReference; lastKnownFileType = sourcecode.c.h; path = shader_structs.h; sourceTree = "<group>"; };
		0781A6B52287524400F2B98A /* Transform.h */ = {isa = PBXFileReference; lastKnownFileType = sourcecode.c.h; path = Transform.h; sourceTree = "<group>"; };
		0781A6B62287524400F2B98A /* Transform.m */ = {isa = PBXFileReference; lastKnownFileType = sourcecode.c.objc; path = Transform.m; sourceTree = "<group>"; };
		0781A6B82288805B00F2B98A /* BoxCollider.h */ = {isa = PBXFileReference; lastKnownFileType = sourcecode.c.h; path = BoxCollider.h; sourceTree = "<group>"; };
		0781A6B92288805B00F2B98A /* BoxCollider.m */ = {isa = PBXFileReference; lastKnownFileType = sourcecode.c.objc; path = BoxCollider.m; sourceTree = "<group>"; };
		0781A6BB228882CA00F2B98A /* Ray.h */ = {isa = PBXFileReference; lastKnownFileType = sourcecode.c.h; path = Ray.h; sourceTree = "<group>"; };
		0781A6BC228882CA00F2B98A /* Ray.m */ = {isa = PBXFileReference; lastKnownFileType = sourcecode.c.objc; path = Ray.m; sourceTree = "<group>"; };
		0781A6BE228AFF8600F2B98A /* CollisionTests.m */ = {isa = PBXFileReference; lastKnownFileType = sourcecode.c.objc; path = CollisionTests.m; sourceTree = "<group>"; };
		0781A6C0228AFF9100F2B98A /* CollisionTests.h */ = {isa = PBXFileReference; lastKnownFileType = sourcecode.c.h; path = CollisionTests.h; sourceTree = "<group>"; };
		0781A6C1228C3B5500F2B98A /* DebugDrawManager.h */ = {isa = PBXFileReference; lastKnownFileType = sourcecode.c.h; path = DebugDrawManager.h; sourceTree = "<group>"; };
		0781A6C2228C3B5500F2B98A /* DebugDrawManager.m */ = {isa = PBXFileReference; lastKnownFileType = sourcecode.c.objc; path = DebugDrawManager.m; sourceTree = "<group>"; };
		0781A6C4228C519800F2B98A /* metal_utils.h */ = {isa = PBXFileReference; lastKnownFileType = sourcecode.c.h; path = metal_utils.h; sourceTree = "<group>"; };
		0781A6C5228C523300F2B98A /* metal_utils.m */ = {isa = PBXFileReference; lastKnownFileType = sourcecode.c.objc; path = metal_utils.m; sourceTree = "<group>"; };
		0781A6C82294E8DF00F2B98A /* cena.gif */ = {isa = PBXFileReference; lastKnownFileType = image.gif; name = cena.gif; path = "Gif-Gun/gifs/cena.gif"; sourceTree = "<group>"; };
		0781A6C92294E8E000F2B98A /* otter.gif */ = {isa = PBXFileReference; lastKnownFileType = image.gif; name = otter.gif; path = "Gif-Gun/gifs/otter.gif"; sourceTree = "<group>"; };
		0781A6CB2294E8E000F2B98A /* snoopy.gif */ = {isa = PBXFileReference; lastKnownFileType = image.gif; name = snoopy.gif; path = "Gif-Gun/gifs/snoopy.gif"; sourceTree = "<group>"; };
		0781A6D12294EFA600F2B98A /* ok.gif */ = {isa = PBXFileReference; lastKnownFileType = image.gif; name = ok.gif; path = "Gif-Gun/gifs/ok.gif"; sourceTree = "<group>"; };
		07FDC93D2278826500E620ED /* Gif-Gun.app */ = {isa = PBXFileReference; explicitFileType = wrapper.application; includeInIndex = 0; path = "Gif-Gun.app"; sourceTree = BUILT_PRODUCTS_DIR; };
		07FDC9402278826500E620ED /* AppDelegate.h */ = {isa = PBXFileReference; lastKnownFileType = sourcecode.c.h; path = AppDelegate.h; sourceTree = "<group>"; };
		07FDC9412278826500E620ED /* AppDelegate.m */ = {isa = PBXFileReference; lastKnownFileType = sourcecode.c.objc; path = AppDelegate.m; sourceTree = "<group>"; };
		07FDC9432278826700E620ED /* Assets.xcassets */ = {isa = PBXFileReference; lastKnownFileType = folder.assetcatalog; path = Assets.xcassets; sourceTree = "<group>"; };
		07FDC9462278826800E620ED /* Base */ = {isa = PBXFileReference; lastKnownFileType = file.xib; name = Base; path = Base.lproj/MainMenu.xib; sourceTree = "<group>"; };
		07FDC9482278826800E620ED /* Info.plist */ = {isa = PBXFileReference; lastKnownFileType = text.plist.xml; path = Info.plist; sourceTree = "<group>"; };
		07FDC9492278826800E620ED /* main.m */ = {isa = PBXFileReference; lastKnownFileType = sourcecode.c.objc; path = main.m; sourceTree = "<group>"; };
		07FDC94B2278826800E620ED /* Gif_Gun.entitlements */ = {isa = PBXFileReference; lastKnownFileType = text.plist.entitlements; path = Gif_Gun.entitlements; sourceTree = "<group>"; };
		07FDC952227882C200E620ED /* MetalKit.framework */ = {isa = PBXFileReference; lastKnownFileType = wrapper.framework; name = MetalKit.framework; path = System/Library/Frameworks/MetalKit.framework; sourceTree = SDKROOT; };
		07FDC953227882C200E620ED /* Metal.framework */ = {isa = PBXFileReference; lastKnownFileType = wrapper.framework; name = Metal.framework; path = System/Library/Frameworks/Metal.framework; sourceTree = SDKROOT; };
		07FDC956227882C600E620ED /* CoreFoundation.framework */ = {isa = PBXFileReference; lastKnownFileType = wrapper.framework; name = CoreFoundation.framework; path = System/Library/Frameworks/CoreFoundation.framework; sourceTree = SDKROOT; };
		07FDC95A2278841500E620ED /* MetalView.h */ = {isa = PBXFileReference; lastKnownFileType = sourcecode.c.h; path = MetalView.h; sourceTree = "<group>"; };
		07FDC95B2278841500E620ED /* MetalView.m */ = {isa = PBXFileReference; lastKnownFileType = sourcecode.c.objc; path = MetalView.m; sourceTree = "<group>"; };
		07FDC95D2278868A00E620ED /* gif_read.cpp */ = {isa = PBXFileReference; fileEncoding = 4; lastKnownFileType = sourcecode.cpp.cpp; path = gif_read.cpp; sourceTree = "<group>"; };
		07FDC95E2278868A00E620ED /* gif_read.h */ = {isa = PBXFileReference; fileEncoding = 4; lastKnownFileType = sourcecode.c.h; path = gif_read.h; sourceTree = "<group>"; };
		07FDC9602278873200E620ED /* ViewController.h */ = {isa = PBXFileReference; lastKnownFileType = sourcecode.c.h; path = ViewController.h; sourceTree = "<group>"; };
		07FDC9612278873200E620ED /* ViewController.m */ = {isa = PBXFileReference; lastKnownFileType = sourcecode.c.objc; path = ViewController.m; sourceTree = "<group>"; };
		07FDC963227887D800E620ED /* Renderer.h */ = {isa = PBXFileReference; lastKnownFileType = sourcecode.c.h; path = Renderer.h; sourceTree = "<group>"; };
		07FDC964227887D800E620ED /* Renderer.m */ = {isa = PBXFileReference; lastKnownFileType = sourcecode.c.objc; path = Renderer.m; sourceTree = "<group>"; };
		07FDC969227889A100E620ED /* GifGunGame.h */ = {isa = PBXFileReference; lastKnownFileType = sourcecode.c.h; path = GifGunGame.h; sourceTree = "<group>"; };
		07FDC96A227889A100E620ED /* GifGunGame.mm */ = {isa = PBXFileReference; lastKnownFileType = sourcecode.cpp.objcpp; path = GifGunGame.mm; sourceTree = "<group>"; };
		07FDC96F22792FAB00E620ED /* LoadingThread.h */ = {isa = PBXFileReference; fileEncoding = 4; lastKnownFileType = sourcecode.c.h; path = LoadingThread.h; sourceTree = "<group>"; };
		07FDC97022792FAB00E620ED /* LoadingThread.m */ = {isa = PBXFileReference; fileEncoding = 4; lastKnownFileType = sourcecode.c.objc; path = LoadingThread.m; sourceTree = "<group>"; };
		07FDC9722279331B00E620ED /* shaders.metal */ = {isa = PBXFileReference; lastKnownFileType = sourcecode.metal; path = shaders.metal; sourceTree = "<group>"; };
		07FDC9742279D90E00E620ED /* cube.obj */ = {isa = PBXFileReference; lastKnownFileType = text; name = cube.obj; path = "Gif-Gun/cube.obj"; sourceTree = "<group>"; };
		07FDC9752279D90E00E620ED /* dragon.obj */ = {isa = PBXFileReference; lastKnownFileType = text; name = dragon.obj; path = "Gif-Gun/dragon.obj"; sourceTree = "<group>"; };
		07FDC978227E1F7D00E620ED /* AAPLMathUtilities.h */ = {isa = PBXFileReference; lastKnownFileType = sourcecode.c.h; path = AAPLMathUtilities.h; sourceTree = "<group>"; };
		07FDC979227E1F7D00E620ED /* AAPLMathUtilities.m */ = {isa = PBXFileReference; lastKnownFileType = sourcecode.c.objc; path = AAPLMathUtilities.m; sourceTree = "<group>"; };
/* End PBXFileReference section */

/* Begin PBXFrameworksBuildPhase section */
		07FDC93A2278826500E620ED /* Frameworks */ = {
			isa = PBXFrameworksBuildPhase;
			buildActionMask = 2147483647;
			files = (
				07FDC957227882C600E620ED /* CoreFoundation.framework in Frameworks */,
				07FDC954227882C200E620ED /* MetalKit.framework in Frameworks */,
				07FDC955227882C200E620ED /* Metal.framework in Frameworks */,
			);
			runOnlyForDeploymentPostprocessing = 0;
		};
/* End PBXFrameworksBuildPhase section */

/* Begin PBXGroup section */
		07FDC9342278826500E620ED = {
			isa = PBXGroup;
			children = (
				0781A6D12294EFA600F2B98A /* ok.gif */,
				0781A6C82294E8DF00F2B98A /* cena.gif */,
				0781A6C92294E8E000F2B98A /* otter.gif */,
				0781A6CB2294E8E000F2B98A /* snoopy.gif */,
				07FDC9742279D90E00E620ED /* cube.obj */,
				07FDC9752279D90E00E620ED /* dragon.obj */,
				07FDC93F2278826500E620ED /* Gif-Gun */,
				07FDC93E2278826500E620ED /* Products */,
				07FDC951227882C200E620ED /* Frameworks */,
			);
			sourceTree = "<group>";
		};
		07FDC93E2278826500E620ED /* Products */ = {
			isa = PBXGroup;
			children = (
				07FDC93D2278826500E620ED /* Gif-Gun.app */,
			);
			name = Products;
			sourceTree = "<group>";
		};
		07FDC93F2278826500E620ED /* Gif-Gun */ = {
			isa = PBXGroup;
			children = (
				07FDC96F22792FAB00E620ED /* LoadingThread.h */,
				07FDC97022792FAB00E620ED /* LoadingThread.m */,
				07FDC95D2278868A00E620ED /* gif_read.cpp */,
				07FDC95E2278868A00E620ED /* gif_read.h */,
				07FDC9402278826500E620ED /* AppDelegate.h */,
				07FDC9412278826500E620ED /* AppDelegate.m */,
				07FDC9432278826700E620ED /* Assets.xcassets */,
				07FDC9452278826800E620ED /* MainMenu.xib */,
				07FDC9482278826800E620ED /* Info.plist */,
				07FDC9492278826800E620ED /* main.m */,
				07FDC94B2278826800E620ED /* Gif_Gun.entitlements */,
				07FDC95A2278841500E620ED /* MetalView.h */,
				07FDC95B2278841500E620ED /* MetalView.m */,
				07FDC9602278873200E620ED /* ViewController.h */,
				07FDC9612278873200E620ED /* ViewController.m */,
				07FDC963227887D800E620ED /* Renderer.h */,
				07FDC964227887D800E620ED /* Renderer.m */,
				07FDC969227889A100E620ED /* GifGunGame.h */,
				07FDC96A227889A100E620ED /* GifGunGame.mm */,
				07FDC9722279331B00E620ED /* shaders.metal */,
				0781A6C0228AFF9100F2B98A /* CollisionTests.h */,
				0781A6BE228AFF8600F2B98A /* CollisionTests.m */,
				0781A6BB228882CA00F2B98A /* Ray.h */,
				0781A6BC228882CA00F2B98A /* Ray.m */,
				0781A6C1228C3B5500F2B98A /* DebugDrawManager.h */,
				0781A6C2228C3B5500F2B98A /* DebugDrawManager.m */,
				0781A6B82288805B00F2B98A /* BoxCollider.h */,
				0781A6B92288805B00F2B98A /* BoxCollider.m */,
				07FDC978227E1F7D00E620ED /* AAPLMathUtilities.h */,
				07FDC979227E1F7D00E620ED /* AAPLMathUtilities.m */,
				0781A6B02285B20300F2B98A /* shader_structs.h */,
				0781A6B52287524400F2B98A /* Transform.h */,
				0781A6B62287524400F2B98A /* Transform.m */,
				0781A6C4228C519800F2B98A /* metal_utils.h */,
				0781A6C5228C523300F2B98A /* metal_utils.m */,
			);
			path = "Gif-Gun";
			sourceTree = "<group>";
		};
		07FDC951227882C200E620ED /* Frameworks */ = {
			isa = PBXGroup;
			children = (
				07FDC956227882C600E620ED /* CoreFoundation.framework */,
				07FDC953227882C200E620ED /* Metal.framework */,
				07FDC952227882C200E620ED /* MetalKit.framework */,
			);
			name = Frameworks;
			sourceTree = "<group>";
		};
/* End PBXGroup section */

/* Begin PBXNativeTarget section */
		07FDC93C2278826500E620ED /* Gif-Gun */ = {
			isa = PBXNativeTarget;
			buildConfigurationList = 07FDC94E2278826800E620ED /* Build configuration list for PBXNativeTarget "Gif-Gun" */;
			buildPhases = (
				07FDC9392278826500E620ED /* Sources */,
				07FDC93A2278826500E620ED /* Frameworks */,
				07FDC93B2278826500E620ED /* Resources */,
			);
			buildRules = (
			);
			dependencies = (
			);
			name = "Gif-Gun";
			productName = "Gif-Gun";
			productReference = 07FDC93D2278826500E620ED /* Gif-Gun.app */;
			productType = "com.apple.product-type.application";
		};
/* End PBXNativeTarget section */

/* Begin PBXProject section */
		07FDC9352278826500E620ED /* Project object */ = {
			isa = PBXProject;
			attributes = {
				LastUpgradeCheck = 1010;
				ORGANIZATIONNAME = "Kyle Halladay";
				TargetAttributes = {
					07FDC93C2278826500E620ED = {
						CreatedOnToolsVersion = 10.1;
					};
				};
			};
			buildConfigurationList = 07FDC9382278826500E620ED /* Build configuration list for PBXProject "Gif-Gun" */;
			compatibilityVersion = "Xcode 9.3";
			developmentRegion = en;
			hasScannedForEncodings = 0;
			knownRegions = (
				en,
				Base,
			);
			mainGroup = 07FDC9342278826500E620ED;
			productRefGroup = 07FDC93E2278826500E620ED /* Products */;
			projectDirPath = "";
			projectRoot = "";
			targets = (
				07FDC93C2278826500E620ED /* Gif-Gun */,
			);
		};
/* End PBXProject section */

/* Begin PBXResourcesBuildPhase section */
		07FDC93B2278826500E620ED /* Resources */ = {
			isa = PBXResourcesBuildPhase;
			buildActionMask = 2147483647;
			files = (
				0781A6D22294EFA600F2B98A /* ok.gif in Resources */,
				0781A6CD2294E8E000F2B98A /* cena.gif in Resources */,
				0781A6CE2294E8E000F2B98A /* otter.gif in Resources */,
				0781A6D02294E8E000F2B98A /* snoopy.gif in Resources */,
				07FDC9762279D90E00E620ED /* cube.obj in Resources */,
				07FDC9772279D90E00E620ED /* dragon.obj in Resources */,
				07FDC9442278826700E620ED /* Assets.xcassets in Resources */,
				07FDC9472278826800E620ED /* MainMenu.xib in Resources */,
			);
			runOnlyForDeploymentPostprocessing = 0;
		};
/* End PBXResourcesBuildPhase section */

/* Begin PBXSourcesBuildPhase section */
		07FDC9392278826500E620ED /* Sources */ = {
			isa = PBXSourcesBuildPhase;
			buildActionMask = 2147483647;
			files = (
				07FDC94A2278826800E620ED /* main.m in Sources */,
				0781A6C6228C523300F2B98A /* metal_utils.m in Sources */,
				0781A6B72287524400F2B98A /* Transform.m in Sources */,
				07FDC96B227889A100E620ED /* GifGunGame.mm in Sources */,
				0781A6BA2288805B00F2B98A /* BoxCollider.m in Sources */,
				07FDC95C2278841500E620ED /* MetalView.m in Sources */,
				07FDC965227887D800E620ED /* Renderer.m in Sources */,
				0781A6BF228AFF8600F2B98A /* CollisionTests.m in Sources */,
				0781A6BD228882CA00F2B98A /* Ray.m in Sources */,
				07FDC97122792FAB00E620ED /* LoadingThread.m in Sources */,
				07FDC95F2278868A00E620ED /* gif_read.cpp in Sources */,
				07FDC97A227E1F7D00E620ED /* AAPLMathUtilities.m in Sources */,
				07FDC9422278826500E620ED /* AppDelegate.m in Sources */,
				0781A6C3228C3B5500F2B98A /* DebugDrawManager.m in Sources */,
				07FDC9622278873200E620ED /* ViewController.m in Sources */,
				07FDC9732279331B00E620ED /* shaders.metal in Sources */,
			);
			runOnlyForDeploymentPostprocessing = 0;
		};
/* End PBXSourcesBuildPhase section */

/* Begin PBXVariantGroup section */
		07FDC9452278826800E620ED /* MainMenu.xib */ = {
			isa = PBXVariantGroup;
			children = (
				07FDC9462278826800E620ED /* Base */,
			);
			name = MainMenu.xib;
			sourceTree = "<group>";
		};
/* End PBXVariantGroup section */

/* Begin XCBuildConfiguration section */
		07FDC94C2278826800E620ED /* Debug */ = {
			isa = XCBuildConfiguration;
			buildSettings = {
				ALWAYS_SEARCH_USER_PATHS = NO;
				CLANG_ANALYZER_NONNULL = YES;
				CLANG_ANALYZER_NUMBER_OBJECT_CONVERSION = YES_AGGRESSIVE;
				CLANG_CXX_LANGUAGE_STANDARD = "gnu++14";
				CLANG_CXX_LIBRARY = "libc++";
				CLANG_ENABLE_MODULES = YES;
				CLANG_ENABLE_OBJC_ARC = YES;
				CLANG_ENABLE_OBJC_WEAK = YES;
				CLANG_WARN_BLOCK_CAPTURE_AUTORELEASING = YES;
				CLANG_WARN_BOOL_CONVERSION = YES;
				CLANG_WARN_COMMA = YES;
				CLANG_WARN_CONSTANT_CONVERSION = YES;
				CLANG_WARN_DEPRECATED_OBJC_IMPLEMENTATIONS = YES;
				CLANG_WARN_DIRECT_OBJC_ISA_USAGE = YES_ERROR;
				CLANG_WARN_DOCUMENTATION_COMMENTS = YES;
				CLANG_WARN_EMPTY_BODY = YES;
				CLANG_WARN_ENUM_CONVERSION = YES;
				CLANG_WARN_INFINITE_RECURSION = YES;
				CLANG_WARN_INT_CONVERSION = YES;
				CLANG_WARN_NON_LITERAL_NULL_CONVERSION = YES;
				CLANG_WARN_OBJC_IMPLICIT_RETAIN_SELF = YES;
				CLANG_WARN_OBJC_LITERAL_CONVERSION = YES;
				CLANG_WARN_OBJC_ROOT_CLASS = YES_ERROR;
				CLANG_WARN_RANGE_LOOP_ANALYSIS = YES;
				CLANG_WARN_STRICT_PROTOTYPES = YES;
				CLANG_WARN_SUSPICIOUS_MOVE = YES;
				CLANG_WARN_UNGUARDED_AVAILABILITY = YES_AGGRESSIVE;
				CLANG_WARN_UNREACHABLE_CODE = YES;
				CLANG_WARN__DUPLICATE_METHOD_MATCH = YES;
				CODE_SIGN_IDENTITY = "Mac Developer";
				COPY_PHASE_STRIP = NO;
				DEBUG_INFORMATION_FORMAT = dwarf;
				ENABLE_STRICT_OBJC_MSGSEND = YES;
				ENABLE_TESTABILITY = YES;
				GCC_C_LANGUAGE_STANDARD = gnu11;
				GCC_DYNAMIC_NO_PIC = NO;
				GCC_NO_COMMON_BLOCKS = YES;
				GCC_OPTIMIZATION_LEVEL = 0;
				GCC_PREPROCESSOR_DEFINITIONS = (
					"DEBUG=1",
					"$(inherited)",
				);
				GCC_WARN_64_TO_32_BIT_CONVERSION = YES;
				GCC_WARN_ABOUT_RETURN_TYPE = YES_ERROR;
				GCC_WARN_UNDECLARED_SELECTOR = YES;
				GCC_WARN_UNINITIALIZED_AUTOS = YES_AGGRESSIVE;
				GCC_WARN_UNUSED_FUNCTION = YES;
				GCC_WARN_UNUSED_VARIABLE = YES;
				MACOSX_DEPLOYMENT_TARGET = 10.14;
				MTL_ENABLE_DEBUG_INFO = INCLUDE_SOURCE;
				MTL_FAST_MATH = YES;
				ONLY_ACTIVE_ARCH = YES;
				SDKROOT = macosx;
			};
			name = Debug;
		};
		07FDC94D2278826800E620ED /* Release */ = {
			isa = XCBuildConfiguration;
			buildSettings = {
				ALWAYS_SEARCH_USER_PATHS = NO;
				CLANG_ANALYZER_NONNULL = YES;
				CLANG_ANALYZER_NUMBER_OBJECT_CONVERSION = YES_AGGRESSIVE;
				CLANG_CXX_LANGUAGE_STANDARD = "gnu++14";
				CLANG_CXX_LIBRARY = "libc++";
				CLANG_ENABLE_MODULES = YES;
				CLANG_ENABLE_OBJC_ARC = YES;
				CLANG_ENABLE_OBJC_WEAK = YES;
				CLANG_WARN_BLOCK_CAPTURE_AUTORELEASING = YES;
				CLANG_WARN_BOOL_CONVERSION = YES;
				CLANG_WARN_COMMA = YES;
				CLANG_WARN_CONSTANT_CONVERSION = YES;
				CLANG_WARN_DEPRECATED_OBJC_IMPLEMENTATIONS = YES;
				CLANG_WARN_DIRECT_OBJC_ISA_USAGE = YES_ERROR;
				CLANG_WARN_DOCUMENTATION_COMMENTS = YES;
				CLANG_WARN_EMPTY_BODY = YES;
				CLANG_WARN_ENUM_CONVERSION = YES;
				CLANG_WARN_INFINITE_RECURSION = YES;
				CLANG_WARN_INT_CONVERSION = YES;
				CLANG_WARN_NON_LITERAL_NULL_CONVERSION = YES;
				CLANG_WARN_OBJC_IMPLICIT_RETAIN_SELF = YES;
				CLANG_WARN_OBJC_LITERAL_CONVERSION = YES;
				CLANG_WARN_OBJC_ROOT_CLASS = YES_ERROR;
				CLANG_WARN_RANGE_LOOP_ANALYSIS = YES;
				CLANG_WARN_STRICT_PROTOTYPES = YES;
				CLANG_WARN_SUSPICIOUS_MOVE = YES;
				CLANG_WARN_UNGUARDED_AVAILABILITY = YES_AGGRESSIVE;
				CLANG_WARN_UNREACHABLE_CODE = YES;
				CLANG_WARN__DUPLICATE_METHOD_MATCH = YES;
				CODE_SIGN_IDENTITY = "Mac Developer";
				COPY_PHASE_STRIP = NO;
				DEBUG_INFORMATION_FORMAT = "dwarf-with-dsym";
				ENABLE_NS_ASSERTIONS = NO;
				ENABLE_STRICT_OBJC_MSGSEND = YES;
				GCC_C_LANGUAGE_STANDARD = gnu11;
				GCC_NO_COMMON_BLOCKS = YES;
				GCC_WARN_64_TO_32_BIT_CONVERSION = YES;
				GCC_WARN_ABOUT_RETURN_TYPE = YES_ERROR;
				GCC_WARN_UNDECLARED_SELECTOR = YES;
				GCC_WARN_UNINITIALIZED_AUTOS = YES_AGGRESSIVE;
				GCC_WARN_UNUSED_FUNCTION = YES;
				GCC_WARN_UNUSED_VARIABLE = YES;
				MACOSX_DEPLOYMENT_TARGET = 10.14;
				MTL_ENABLE_DEBUG_INFO = NO;
				MTL_FAST_MATH = YES;
				SDKROOT = macosx;
			};
			name = Release;
		};
		07FDC94F2278826800E620ED /* Debug */ = {
			isa = XCBuildConfiguration;
			buildSettings = {
				ASSETCATALOG_COMPILER_APPICON_NAME = AppIcon;
				CODE_SIGN_ENTITLEMENTS = "Gif-Gun/Gif_Gun.entitlements";
				CODE_SIGN_STYLE = Automatic;
				COMBINE_HIDPI_IMAGES = YES;
				DEVELOPMENT_TEAM = FNMV9DVB2J;
				INFOPLIST_FILE = "Gif-Gun/Info.plist";
				LD_RUNPATH_SEARCH_PATHS = (
					"$(inherited)",
					"@executable_path/../Frameworks",
				);
				PRODUCT_BUNDLE_IDENTIFIER = "com.khalladay.Gif-Gun";
				PRODUCT_NAME = "$(TARGET_NAME)";
			};
			name = Debug;
		};
		07FDC9502278826800E620ED /* Release */ = {
			isa = XCBuildConfiguration;
			buildSettings = {
				ASSETCATALOG_COMPILER_APPICON_NAME = AppIcon;
				CODE_SIGN_ENTITLEMENTS = "Gif-Gun/Gif_Gun.entitlements";
				CODE_SIGN_STYLE = Automatic;
				COMBINE_HIDPI_IMAGES = YES;
				DEVELOPMENT_TEAM = FNMV9DVB2J;
				INFOPLIST_FILE = "Gif-Gun/Info.plist";
				LD_RUNPATH_SEARCH_PATHS = (
					"$(inherited)",
					"@executable_path/../Frameworks",
				);
				PRODUCT_BUNDLE_IDENTIFIER = "com.khalladay.Gif-Gun";
				PRODUCT_NAME = "$(TARGET_NAME)";
			};
			name = Release;
		};
/* End XCBuildConfiguration section */

/* Begin XCConfigurationList section */
		07FDC9382278826500E620ED /* Build configuration list for PBXProject "Gif-Gun" */ = {
			isa = XCConfigurationList;
			buildConfigurations = (
				07FDC94C2278826800E620ED /* Debug */,
				07FDC94D2278826800E620ED /* Release */,
			);
			defaultConfigurationIsVisible = 0;
			defaultConfigurationName = Release;
		};
		07FDC94E2278826800E620ED /* Build configuration list for PBXNativeTarget "Gif-Gun" */ = {
			isa = XCConfigurationList;
			buildConfigurations = (
				07FDC94F2278826800E620ED /* Debug */,
				07FDC9502278826800E620ED /* Release */,
			);
			defaultConfigurationIsVisible = 0;
			defaultConfigurationName = Release;
		};
/* End XCConfigurationList section */
	};
	rootObject = 07FDC9352278826500E620ED /* Project object */;
}
